{
	"name": "ISBNQuery",
	"lockfileVersion": 2,
	"requires": true,
	"packages": {
		"": {
			"dependencies": {
				"doubanbook": "^1.0.1",
				"wx-common": "file:..\\common\\wx-common"
			}
		},
		"../common/wx-common": {
			"version": "1.0.0",
			"license": "ISC",
			"dependencies": {
				"jsonwebtoken": "^8.5.1"
			}
		},
		"node_modules/doubanbook": {
			"version": "1.0.1",
			"resolved": "https://registry.nlark.com/doubanbook/download/doubanbook-1.0.1.tgz",
			"integrity": "sha1-1005Y8rsWRz74CZOYoijmfDuB2A="
		},
		"node_modules/wx-common": {
			"resolved": "../common/wx-common",
			"link": true
		}
	},
	"dependencies": {
		"doubanbook": {
			"version": "1.0.1",
			"resolved": "https://registry.nlark.com/doubanbook/download/doubanbook-1.0.1.tgz",
			"integrity": "sha1-1005Y8rsWRz74CZOYoijmfDuB2A="
		},
		"wx-common": {
			"version": "file:../common/wx-common",
			"requires": {
				"jsonwebtoken": "^8.5.1"
			}
		}
	}
}
